
Microsoft Visual Studio Solution File, Format Version 12.00
# Visual Studio Version 17
VisualStudioVersion = 17.5.33516.290
MinimumVisualStudioVersion = 10.0.40219.1
Project("{9A19103F-16F7-4668-BE54-9A1E7A4F7556}") = "LocalFileManager", "LocalFileManager\LocalFileManager.csproj", "{8C858415-A989-4C70-B114-A7EAF3D0AAD8}"
EndProject
Project("{9A19103F-16F7-4668-BE54-9A1E7A4F7556}") = "LocalFileSync", "LocalFileSync\LocalFileSync.csproj", "{F3E20AB8-DE58-41F8-9766-49FCF2A5815A}"
EndProject
Project("{FAE04EC0-301F-11D3-BF4B-00C04F79EFBC}") = "TestClient", "TestClient\TestClient.csproj", "{AA442CDB-3D74-4904-A3B6-F72183235645}"
EndProject
Global
	GlobalSection(SolutionConfigurationPlatforms) = preSolution
		Debug|Any CPU = Debug|Any CPU
		Release|Any CPU = Release|Any CPU
	EndGlobalSection
	GlobalSection(ProjectConfigurationPlatforms) = postSolution
		{8C858415-A989-4C70-B114-A7EAF3D0AAD8}.Debug|Any CPU.ActiveCfg = Debug|Any CPU
		{8C858415-A989-4C70-B114-A7EAF3D0AAD8}.Debug|Any CPU.Build.0 = Debug|Any CPU
		{8C858415-A989-4C70-B114-A7EAF3D0AAD8}.Release|Any CPU.ActiveCfg = Release|Any CPU
		{8C858415-A989-4C70-B114-A7EAF3D0AAD8}.Release|Any CPU.Build.0 = Release|Any CPU
		{F3E20AB8-DE58-41F8-9766-49FCF2A5815A}.Debug|Any CPU.ActiveCfg = Debug|Any CPU
		{F3E20AB8-DE58-41F8-9766-49FCF2A5815A}.Debug|Any CPU.Build.0 = Debug|Any CPU
		{F3E20AB8-DE58-41F8-9766-49FCF2A5815A}.Release|Any CPU.ActiveCfg = Release|Any CPU
		{F3E20AB8-DE58-41F8-9766-49FCF2A5815A}.Release|Any CPU.Build.0 = Release|Any CPU
		{AA442CDB-3D74-4904-A3B6-F72183235645}.Debug|Any CPU.ActiveCfg = Debug|Any CPU
		{AA442CDB-3D74-4904-A3B6-F72183235645}.Debug|Any CPU.Build.0 = Debug|Any CPU
		{AA442CDB-3D74-4904-A3B6-F72183235645}.Release|Any CPU.ActiveCfg = Release|Any CPU
		{AA442CDB-3D74-4904-A3B6-F72183235645}.Release|Any CPU.Build.0 = Release|Any CPU
	EndGlobalSection
	GlobalSection(SolutionProperties) = preSolution
		HideSolutionNode = FALSE
	EndGlobalSection
	GlobalSection(ExtensibilityGlobals) = postSolution
		SolutionGuid = {8482151D-8FFE-4022-A1B9-2B8DE840DAEE}
	EndGlobalSection
EndGlobal
